// !$*UTF8*$!
{
	archiveVersion = 1;
	classes = {
	};
	objectVersion = 55;
	objects = {

/* Begin PBXBuildFile section */
		FFBECCF727B881A500D0E355 /* Tests_iOS.swift in Sources */ = {isa = PBXBuildFile; fileRef = FFBECCF627B881A500D0E355 /* Tests_iOS.swift */; };
		FFBECCF927B881A500D0E355 /* Tests_iOSLaunchTests.swift in Sources */ = {isa = PBXBuildFile; fileRef = FFBECCF827B881A500D0E355 /* Tests_iOSLaunchTests.swift */; };
		FFBECD0327B881A500D0E355 /* Tests_macOS.swift in Sources */ = {isa = PBXBuildFile; fileRef = FFBECD0227B881A500D0E355 /* Tests_macOS.swift */; };
		FFBECD0527B881A500D0E355 /* Tests_macOSLaunchTests.swift in Sources */ = {isa = PBXBuildFile; fileRef = FFBECD0427B881A500D0E355 /* Tests_macOSLaunchTests.swift */; };
		FFBECD0627B881A500D0E355 /* algorithmApp.swift in Sources */ = {isa = PBXBuildFile; fileRef = FFBECCDE27B881A300D0E355 /* algorithmApp.swift */; };
		FFBECD0727B881A500D0E355 /* algorithmApp.swift in Sources */ = {isa = PBXBuildFile; fileRef = FFBECCDE27B881A300D0E355 /* algorithmApp.swift */; };
		FFBECD0827B881A500D0E355 /* ContentView.swift in Sources */ = {isa = PBXBuildFile; fileRef = FFBECCDF27B881A300D0E355 /* ContentView.swift */; };
		FFBECD0927B881A500D0E355 /* ContentView.swift in Sources */ = {isa = PBXBuildFile; fileRef = FFBECCDF27B881A300D0E355 /* ContentView.swift */; };
		FFBECD0A27B881A500D0E355 /* Assets.xcassets in Resources */ = {isa = PBXBuildFile; fileRef = FFBECCE027B881A500D0E355 /* Assets.xcassets */; };
		FFBECD0B27B881A500D0E355 /* Assets.xcassets in Resources */ = {isa = PBXBuildFile; fileRef = FFBECCE027B881A500D0E355 /* Assets.xcassets */; };
/* End PBXBuildFile section */

/* Begin PBXContainerItemProxy section */
		FFBECCF327B881A500D0E355 /* PBXContainerItemProxy */ = {
			isa = PBXContainerItemProxy;
			containerPortal = FFBECCD927B881A300D0E355 /* Project object */;
			proxyType = 1;
			remoteGlobalIDString = FFBECCE427B881A500D0E355;
			remoteInfo = "algorithm (iOS)";
		};
		FFBECCFF27B881A500D0E355 /* PBXContainerItemProxy */ = {
			isa = PBXContainerItemProxy;
			containerPortal = FFBECCD927B881A300D0E355 /* Project object */;
			proxyType = 1;
			remoteGlobalIDString = FFBECCEA27B881A500D0E355;
			remoteInfo = "algorithm (macOS)";
		};
/* End PBXContainerItemProxy section */

/* Begin PBXFileReference section */
		FFBECCDE27B881A300D0E355 /* algorithmApp.swift */ = {isa = PBXFileReference; lastKnownFileType = sourcecode.swift; path = algorithmApp.swift; sourceTree = "<group>"; };
		FFBECCDF27B881A300D0E355 /* ContentView.swift */ = {isa = PBXFileReference; lastKnownFileType = sourcecode.swift; path = ContentView.swift; sourceTree = "<group>"; };
		FFBECCE027B881A500D0E355 /* Assets.xcassets */ = {isa = PBXFileReference; lastKnownFileType = folder.assetcatalog; path = Assets.xcassets; sourceTree = "<group>"; };
		FFBECCE527B881A500D0E355 /* algorithm.app */ = {isa = PBXFileReference; explicitFileType = wrapper.application; includeInIndex = 0; path = algorithm.app; sourceTree = BUILT_PRODUCTS_DIR; };
		FFBECCEB27B881A500D0E355 /* algorithm.app */ = {isa = PBXFileReference; explicitFileType = wrapper.application; includeInIndex = 0; path = algorithm.app; sourceTree = BUILT_PRODUCTS_DIR; };
		FFBECCED27B881A500D0E355 /* macOS.entitlements */ = {isa = PBXFileReference; lastKnownFileType = text.plist.entitlements; path = macOS.entitlements; sourceTree = "<group>"; };
		FFBECCF227B881A500D0E355 /* Tests iOS.xctest */ = {isa = PBXFileReference; explicitFileType = wrapper.cfbundle; includeInIndex = 0; path = "Tests iOS.xctest"; sourceTree = BUILT_PRODUCTS_DIR; };
		FFBECCF627B881A500D0E355 /* Tests_iOS.swift */ = {isa = PBXFileReference; lastKnownFileType = sourcecode.swift; path = Tests_iOS.swift; sourceTree = "<group>"; };
		FFBECCF827B881A500D0E355 /* Tests_iOSLaunchTests.swift */ = {isa = PBXFileReference; lastKnownFileType = sourcecode.swift; path = Tests_iOSLaunchTests.swift; sourceTree = "<group>"; };
		FFBECCFE27B881A500D0E355 /* Tests macOS.xctest */ = {isa = PBXFileReference; explicitFileType = wrapper.cfbundle; includeInIndex = 0; path = "Tests macOS.xctest"; sourceTree = BUILT_PRODUCTS_DIR; };
		FFBECD0227B881A500D0E355 /* Tests_macOS.swift */ = {isa = PBXFileReference; lastKnownFileType = sourcecode.swift; path = Tests_macOS.swift; sourceTree = "<group>"; };
		FFBECD0427B881A500D0E355 /* Tests_macOSLaunchTests.swift */ = {isa = PBXFileReference; lastKnownFileType = sourcecode.swift; path = Tests_macOSLaunchTests.swift; sourceTree = "<group>"; };
/* End PBXFileReference section */

/* Begin PBXFrameworksBuildPhase section */
		FFBECCE227B881A500D0E355 /* Frameworks */ = {
			isa = PBXFrameworksBuildPhase;
			buildActionMask = 2147483647;
			files = (
			);
			runOnlyForDeploymentPostprocessing = 0;
		};
		FFBECCE827B881A500D0E355 /* Frameworks */ = {
			isa = PBXFrameworksBuildPhase;
			buildActionMask = 2147483647;
			files = (
			);
			runOnlyForDeploymentPostprocessing = 0;
		};
		FFBECCEF27B881A500D0E355 /* Frameworks */ = {
			isa = PBXFrameworksBuildPhase;
			buildActionMask = 2147483647;
			files = (
			);
			runOnlyForDeploymentPostprocessing = 0;
		};
		FFBECCFB27B881A500D0E355 /* Frameworks */ = {
			isa = PBXFrameworksBuildPhase;
			buildActionMask = 2147483647;
			files = (
			);
			runOnlyForDeploymentPostprocessing = 0;
		};
/* End PBXFrameworksBuildPhase section */

/* Begin PBXGroup section */
		FFBECCD827B881A300D0E355 = {
			isa = PBXGroup;
			children = (
				FFBECCDD27B881A300D0E355 /* Shared */,
				FFBECCEC27B881A500D0E355 /* macOS */,
				FFBECCF527B881A500D0E355 /* Tests iOS */,
				FFBECD0127B881A500D0E355 /* Tests macOS */,
				FFBECCE627B881A500D0E355 /* Products */,
			);
			sourceTree = "<group>";
		};
		FFBECCDD27B881A300D0E355 /* Shared */ = {
			isa = PBXGroup;
			children = (
				FFBECCDE27B881A300D0E355 /* algorithmApp.swift */,
				FFBECCDF27B881A300D0E355 /* ContentView.swift */,
				FFBECCE027B881A500D0E355 /* Assets.xcassets */,
			);
			path = Shared;
			sourceTree = "<group>";
		};
		FFBECCE627B881A500D0E355 /* Products */ = {
			isa = PBXGroup;
			children = (
				FFBECCE527B881A500D0E355 /* algorithm.app */,
				FFBECCEB27B881A500D0E355 /* algorithm.app */,
				FFBECCF227B881A500D0E355 /* Tests iOS.xctest */,
				FFBECCFE27B881A500D0E355 /* Tests macOS.xctest */,
			);
			name = Products;
			sourceTree = "<group>";
		};
		FFBECCEC27B881A500D0E355 /* macOS */ = {
			isa = PBXGroup;
			children = (
				FFBECCED27B881A500D0E355 /* macOS.entitlements */,
			);
			path = macOS;
			sourceTree = "<group>";
		};
		FFBECCF527B881A500D0E355 /* Tests iOS */ = {
			isa = PBXGroup;
			children = (
				FFBECCF627B881A500D0E355 /* Tests_iOS.swift */,
				FFBECCF827B881A500D0E355 /* Tests_iOSLaunchTests.swift */,
			);
			path = "Tests iOS";
			sourceTree = "<group>";
		};
		FFBECD0127B881A500D0E355 /* Tests macOS */ = {
			isa = PBXGroup;
			children = (
				FFBECD0227B881A500D0E355 /* Tests_macOS.swift */,
				FFBECD0427B881A500D0E355 /* Tests_macOSLaunchTests.swift */,
			);
			path = "Tests macOS";
			sourceTree = "<group>";
		};
/* End PBXGroup section */

/* Begin PBXNativeTarget section */
		FFBECCE427B881A500D0E355 /* algorithm (iOS) */ = {
			isa = PBXNativeTarget;
			buildConfigurationList = FFBECD0E27B881A500D0E355 /* Build configuration list for PBXNativeTarget "algorithm (iOS)" */;
			buildPhases = (
				FFBECCE127B881A500D0E355 /* Sources */,
				FFBECCE227B881A500D0E355 /* Frameworks */,
				FFBECCE327B881A500D0E355 /* Resources */,
			);
			buildRules = (
			);
			dependencies = (
			);
			name = "algorithm (iOS)";
			productName = "algorithm (iOS)";
			productReference = FFBECCE527B881A500D0E355 /* algorithm.app */;
			productType = "com.apple.product-type.application";
		};
		FFBECCEA27B881A500D0E355 /* algorithm (macOS) */ = {
			isa = PBXNativeTarget;
			buildConfigurationList = FFBECD1127B881A500D0E355 /* Build configuration list for PBXNativeTarget "algorithm (macOS)" */;
			buildPhases = (
				FFBECCE727B881A500D0E355 /* Sources */,
				FFBECCE827B881A500D0E355 /* Frameworks */,
				FFBECCE927B881A500D0E355 /* Resources */,
			);
			buildRules = (
			);
			dependencies = (
			);
			name = "algorithm (macOS)";
			productName = "algorithm (macOS)";
			productReference = FFBECCEB27B881A500D0E355 /* algorithm.app */;
			productType = "com.apple.product-type.application";
		};
		FFBECCF127B881A500D0E355 /* Tests iOS */ = {
			isa = PBXNativeTarget;
			buildConfigurationList = FFBECD1427B881A500D0E355 /* Build configuration list for PBXNativeTarget "Tests iOS" */;
			buildPhases = (
				FFBECCEE27B881A500D0E355 /* Sources */,
				FFBECCEF27B881A500D0E355 /* Frameworks */,
				FFBECCF027B881A500D0E355 /* Resources */,
			);
			buildRules = (
			);
			dependencies = (
				FFBECCF427B881A500D0E355 /* PBXTargetDependency */,
			);
			name = "Tests iOS";
			productName = "Tests iOS";
			productReference = FFBECCF227B881A500D0E355 /* Tests iOS.xctest */;
			productType = "com.apple.product-type.bundle.ui-testing";
		};
		FFBECCFD27B881A500D0E355 /* Tests macOS */ = {
			isa = PBXNativeTarget;
			buildConfigurationList = FFBECD1727B881A500D0E355 /* Build configuration list for PBXNativeTarget "Tests macOS" */;
			buildPhases = (
				FFBECCFA27B881A500D0E355 /* Sources */,
				FFBECCFB27B881A500D0E355 /* Frameworks */,
				FFBECCFC27B881A500D0E355 /* Resources */,
			);
			buildRules = (
			);
			dependencies = (
				FFBECD0027B881A500D0E355 /* PBXTargetDependency */,
			);
			name = "Tests macOS";
			productName = "Tests macOS";
			productReference = FFBECCFE27B881A500D0E355 /* Tests macOS.xctest */;
			productType = "com.apple.product-type.bundle.ui-testing";
		};
/* End PBXNativeTarget section */

/* Begin PBXProject section */
		FFBECCD927B881A300D0E355 /* Project object */ = {
			isa = PBXProject;
			attributes = {
				BuildIndependentTargetsInParallel = 1;
				LastSwiftUpdateCheck = 1320;
				LastUpgradeCheck = 1320;
				TargetAttributes = {
					FFBECCE427B881A500D0E355 = {
						CreatedOnToolsVersion = 13.2.1;
					};
					FFBECCEA27B881A500D0E355 = {
						CreatedOnToolsVersion = 13.2.1;
					};
					FFBECCF127B881A500D0E355 = {
						CreatedOnToolsVersion = 13.2.1;
						TestTargetID = FFBECCE427B881A500D0E355;
					};
					FFBECCFD27B881A500D0E355 = {
						CreatedOnToolsVersion = 13.2.1;
						TestTargetID = FFBECCEA27B881A500D0E355;
					};
				};
			};
			buildConfigurationList = FFBECCDC27B881A300D0E355 /* Build configuration list for PBXProject "algorithm" */;
			compatibilityVersion = "Xcode 13.0";
			developmentRegion = en;
			hasScannedForEncodings = 0;
			knownRegions = (
				en,
				Base,
			);
			mainGroup = FFBECCD827B881A300D0E355;
			productRefGroup = FFBECCE627B881A500D0E355 /* Products */;
			projectDirPath = "";
			projectRoot = "";
			targets = (
				FFBECCE427B881A500D0E355 /* algorithm (iOS) */,
				FFBECCEA27B881A500D0E355 /* algorithm (macOS) */,
				FFBECCF127B881A500D0E355 /* Tests iOS */,
				FFBECCFD27B881A500D0E355 /* Tests macOS */,
			);
		};
/* End PBXProject section */

/* Begin PBXResourcesBuildPhase section */
		FFBECCE327B881A500D0E355 /* Resources */ = {
			isa = PBXResourcesBuildPhase;
			buildActionMask = 2147483647;
			files = (
				FFBECD0A27B881A500D0E355 /* Assets.xcassets in Resources */,
			);
			runOnlyForDeploymentPostprocessing = 0;
		};
		FFBECCE927B881A500D0E355 /* Resources */ = {
			isa = PBXResourcesBuildPhase;
			buildActionMask = 2147483647;
			files = (
				FFBECD0B27B881A500D0E355 /* Assets.xcassets in Resources */,
			);
			runOnlyForDeploymentPostprocessing = 0;
		};
		FFBECCF027B881A500D0E355 /* Resources */ = {
			isa = PBXResourcesBuildPhase;
			buildActionMask = 2147483647;
			files = (
			);
			runOnlyForDeploymentPostprocessing = 0;
		};
		FFBECCFC27B881A500D0E355 /* Resources */ = {
			isa = PBXResourcesBuildPhase;
			buildActionMask = 2147483647;
			files = (
			);
			runOnlyForDeploymentPostprocessing = 0;
		};
/* End PBXResourcesBuildPhase section */

/* Begin PBXSourcesBuildPhase section */
		FFBECCE127B881A500D0E355 /* Sources */ = {
			isa = PBXSourcesBuildPhase;
			buildActionMask = 2147483647;
			files = (
				FFBECD0827B881A500D0E355 /* ContentView.swift in Sources */,
				FFBECD0627B881A500D0E355 /* algorithmApp.swift in Sources */,
			);
			runOnlyForDeploymentPostprocessing = 0;
		};
		FFBECCE727B881A500D0E355 /* Sources */ = {
			isa = PBXSourcesBuildPhase;
			buildActionMask = 2147483647;
			files = (
				FFBECD0927B881A500D0E355 /* ContentView.swift in Sources */,
				FFBECD0727B881A500D0E355 /* algorithmApp.swift in Sources */,
			);
			runOnlyForDeploymentPostprocessing = 0;
		};
		FFBECCEE27B881A500D0E355 /* Sources */ = {
			isa = PBXSourcesBuildPhase;
			buildActionMask = 2147483647;
			files = (
				FFBECCF927B881A500D0E355 /* Tests_iOSLaunchTests.swift in Sources */,
				FFBECCF727B881A500D0E355 /* Tests_iOS.swift in Sources */,
			);
			runOnlyForDeploymentPostprocessing = 0;
		};
		FFBECCFA27B881A500D0E355 /* Sources */ = {
			isa = PBXSourcesBuildPhase;
			buildActionMask = 2147483647;
			files = (
				FFBECD0527B881A500D0E355 /* Tests_macOSLaunchTests.swift in Sources */,
				FFBECD0327B881A500D0E355 /* Tests_macOS.swift in Sources */,
			);
			runOnlyForDeploymentPostprocessing = 0;
		};
/* End PBXSourcesBuildPhase section */

/* Begin PBXTargetDependency section */
		FFBECCF427B881A500D0E355 /* PBXTargetDependency */ = {
			isa = PBXTargetDependency;
			target = FFBECCE427B881A500D0E355 /* algorithm (iOS) */;
			targetProxy = FFBECCF327B881A500D0E355 /* PBXContainerItemProxy */;
		};
		FFBECD0027B881A500D0E355 /* PBXTargetDependency */ = {
			isa = PBXTargetDependency;
			target = FFBECCEA27B881A500D0E355 /* algorithm (macOS) */;
			targetProxy = FFBECCFF27B881A500D0E355 /* PBXContainerItemProxy */;
		};
/* End PBXTargetDependency section */

/* Begin XCBuildConfiguration section */
		FFBECD0C27B881A500D0E355 /* Debug */ = {
			isa = XCBuildConfiguration;
			buildSettings = {
				ALWAYS_SEARCH_USER_PATHS = NO;
				CLANG_ANALYZER_NONNULL = YES;
				CLANG_ANALYZER_NUMBER_OBJECT_CONVERSION = YES_AGGRESSIVE;
				CLANG_CXX_LANGUAGE_STANDARD = "gnu++17";
				CLANG_CXX_LIBRARY = "libc++";
				CLANG_ENABLE_MODULES = YES;
				CLANG_ENABLE_OBJC_ARC = YES;
				CLANG_ENABLE_OBJC_WEAK = YES;
				CLANG_WARN_BLOCK_CAPTURE_AUTORELEASING = YES;
				CLANG_WARN_BOOL_CONVERSION = YES;
				CLANG_WARN_COMMA = YES;
				CLANG_WARN_CONSTANT_CONVERSION = YES;
				CLANG_WARN_DEPRECATED_OBJC_IMPLEMENTATIONS = YES;
				CLANG_WARN_DIRECT_OBJC_ISA_USAGE = YES_ERROR;
				CLANG_WARN_DOCUMENTATION_COMMENTS = YES;
				CLANG_WARN_EMPTY_BODY = YES;
				CLANG_WARN_ENUM_CONVERSION = YES;
				CLANG_WARN_INFINITE_RECURSION = YES;
				CLANG_WARN_INT_CONVERSION = YES;
				CLANG_WARN_NON_LITERAL_NULL_CONVERSION = YES;
				CLANG_WARN_OBJC_IMPLICIT_RETAIN_SELF = YES;
				CLANG_WARN_OBJC_LITERAL_CONVERSION = YES;
				CLANG_WARN_OBJC_ROOT_CLASS = YES_ERROR;
				CLANG_WARN_QUOTED_INCLUDE_IN_FRAMEWORK_HEADER = YES;
				CLANG_WARN_RANGE_LOOP_ANALYSIS = YES;
				CLANG_WARN_STRICT_PROTOTYPES = YES;
				CLANG_WARN_SUSPICIOUS_MOVE = YES;
				CLANG_WARN_UNGUARDED_AVAILABILITY = YES_AGGRESSIVE;
				CLANG_WARN_UNREACHABLE_CODE = YES;
				CLANG_WARN__DUPLICATE_METHOD_MATCH = YES;
				COPY_PHASE_STRIP = NO;
				DEBUG_INFORMATION_FORMAT = dwarf;
				ENABLE_STRICT_OBJC_MSGSEND = YES;
				ENABLE_TESTABILITY = YES;
				GCC_C_LANGUAGE_STANDARD = gnu11;
				GCC_DYNAMIC_NO_PIC = NO;
				GCC_NO_COMMON_BLOCKS = YES;
				GCC_OPTIMIZATION_LEVEL = 0;
				GCC_PREPROCESSOR_DEFINITIONS = (
					"DEBUG=1",
					"$(inherited)",
				);
				GCC_WARN_64_TO_32_BIT_CONVERSION = YES;
				GCC_WARN_ABOUT_RETURN_TYPE = YES_ERROR;
				GCC_WARN_UNDECLARED_SELECTOR = YES;
				GCC_WARN_UNINITIALIZED_AUTOS = YES_AGGRESSIVE;
				GCC_WARN_UNUSED_FUNCTION = YES;
				GCC_WARN_UNUSED_VARIABLE = YES;
				MTL_ENABLE_DEBUG_INFO = INCLUDE_SOURCE;
				MTL_FAST_MATH = YES;
				ONLY_ACTIVE_ARCH = YES;
				SWIFT_ACTIVE_COMPILATION_CONDITIONS = DEBUG;
				SWIFT_OPTIMIZATION_LEVEL = "-Onone";
			};
			name = Debug;
		};
		FFBECD0D27B881A500D0E355 /* Release */ = {
			isa = XCBuildConfiguration;
			buildSettings = {
				ALWAYS_SEARCH_USER_PATHS = NO;
				CLANG_ANALYZER_NONNULL = YES;
				CLANG_ANALYZER_NUMBER_OBJECT_CONVERSION = YES_AGGRESSIVE;
				CLANG_CXX_LANGUAGE_STANDARD = "gnu++17";
				CLANG_CXX_LIBRARY = "libc++";
				CLANG_ENABLE_MODULES = YES;
				CLANG_ENABLE_OBJC_ARC = YES;
				CLANG_ENABLE_OBJC_WEAK = YES;
				CLANG_WARN_BLOCK_CAPTURE_AUTORELEASING = YES;
				CLANG_WARN_BOOL_CONVERSION = YES;
				CLANG_WARN_COMMA = YES;
				CLANG_WARN_CONSTANT_CONVERSION = YES;
				CLANG_WARN_DEPRECATED_OBJC_IMPLEMENTATIONS = YES;
				CLANG_WARN_DIRECT_OBJC_ISA_USAGE = YES_ERROR;
				CLANG_WARN_DOCUMENTATION_COMMENTS = YES;
				CLANG_WARN_EMPTY_BODY = YES;
				CLANG_WARN_ENUM_CONVERSION = YES;
				CLANG_WARN_INFINITE_RECURSION = YES;
				CLANG_WARN_INT_CONVERSION = YES;
				CLANG_WARN_NON_LITERAL_NULL_CONVERSION = YES;
				CLANG_WARN_OBJC_IMPLICIT_RETAIN_SELF = YES;
				CLANG_WARN_OBJC_LITERAL_CONVERSION = YES;
				CLANG_WARN_OBJC_ROOT_CLASS = YES_ERROR;
				CLANG_WARN_QUOTED_INCLUDE_IN_FRAMEWORK_HEADER = YES;
				CLANG_WARN_RANGE_LOOP_ANALYSIS = YES;
				CLANG_WARN_STRICT_PROTOTYPES = YES;
				CLANG_WARN_SUSPICIOUS_MOVE = YES;
				CLANG_WARN_UNGUARDED_AVAILABILITY = YES_AGGRESSIVE;
				CLANG_WARN_UNREACHABLE_CODE = YES;
				CLANG_WARN__DUPLICATE_METHOD_MATCH = YES;
				COPY_PHASE_STRIP = NO;
				DEBUG_INFORMATION_FORMAT = "dwarf-with-dsym";
				ENABLE_NS_ASSERTIONS = NO;
				ENABLE_STRICT_OBJC_MSGSEND = YES;
				GCC_C_LANGUAGE_STANDARD = gnu11;
				GCC_NO_COMMON_BLOCKS = YES;
				GCC_WARN_64_TO_32_BIT_CONVERSION = YES;
				GCC_WARN_ABOUT_RETURN_TYPE = YES_ERROR;
				GCC_WARN_UNDECLARED_SELECTOR = YES;
				GCC_WARN_UNINITIALIZED_AUTOS = YES_AGGRESSIVE;
				GCC_WARN_UNUSED_FUNCTION = YES;
				GCC_WARN_UNUSED_VARIABLE = YES;
				MTL_ENABLE_DEBUG_INFO = NO;
				MTL_FAST_MATH = YES;
				SWIFT_COMPILATION_MODE = wholemodule;
				SWIFT_OPTIMIZATION_LEVEL = "-O";
			};
			name = Release;
		};
		FFBECD0F27B881A500D0E355 /* Debug */ = {
			isa = XCBuildConfiguration;
			buildSettings = {
				ASSETCATALOG_COMPILER_APPICON_NAME = AppIcon;
				ASSETCATALOG_COMPILER_GLOBAL_ACCENT_COLOR_NAME = AccentColor;
				CODE_SIGN_STYLE = Automatic;
				CURRENT_PROJECT_VERSION = 1;
				DEVELOPMENT_TEAM = X28K496YM8;
				ENABLE_PREVIEWS = YES;
				GENERATE_INFOPLIST_FILE = YES;
				INFOPLIST_KEY_UIApplicationSceneManifest_Generation = YES;
				INFOPLIST_KEY_UIApplicationSupportsIndirectInputEvents = YES;
				INFOPLIST_KEY_UILaunchScreen_Generation = YES;
				INFOPLIST_KEY_UISupportedInterfaceOrientations_iPad = "UIInterfaceOrientationPortrait UIInterfaceOrientationPortraitUpsideDown UIInterfaceOrientationLandscapeLeft UIInterfaceOrientationLandscapeRight";
				INFOPLIST_KEY_UISupportedInterfaceOrientations_iPhone = "UIInterfaceOrientationPortrait UIInterfaceOrientationLandscapeLeft UIInterfaceOrientationLandscapeRight";
				IPHONEOS_DEPLOYMENT_TARGET = 15.2;
				LD_RUNPATH_SEARCH_PATHS = (
					"$(inherited)",
					"@executable_path/Frameworks",
				);
				MARKETING_VERSION = 1.0;
				PRODUCT_BUNDLE_IDENTIFIER = kim.jinsol.algorithm;
				PRODUCT_NAME = algorithm;
				SDKROOT = iphoneos;
				SWIFT_EMIT_LOC_STRINGS = YES;
				SWIFT_VERSION = 5.0;
				TARGETED_DEVICE_FAMILY = "1,2";
			};
			name = Debug;
		};
		FFBECD1027B881A500D0E355 /* Release */ = {
			isa = XCBuildConfiguration;
			buildSettings = {
				ASSETCATALOG_COMPILER_APPICON_NAME = AppIcon;
				ASSETCATALOG_COMPILER_GLOBAL_ACCENT_COLOR_NAME = AccentColor;
				CODE_SIGN_STYLE = Automatic;
				CURRENT_PROJECT_VERSION = 1;
				DEVELOPMENT_TEAM = X28K496YM8;
				ENABLE_PREVIEWS = YES;
				GENERATE_INFOPLIST_FILE = YES;
				INFOPLIST_KEY_UIApplicationSceneManifest_Generation = YES;
				INFOPLIST_KEY_UIApplicationSupportsIndirectInputEvents = YES;
				INFOPLIST_KEY_UILaunchScreen_Generation = YES;
				INFOPLIST_KEY_UISupportedInterfaceOrientations_iPad = "UIInterfaceOrientationPortrait UIInterfaceOrientationPortraitUpsideDown UIInterfaceOrientationLandscapeLeft UIInterfaceOrientationLandscapeRight";
				INFOPLIST_KEY_UISupportedInterfaceOrientations_iPhone = "UIInterfaceOrientationPortrait UIInterfaceOrientationLandscapeLeft UIInterfaceOrientationLandscapeRight";
				IPHONEOS_DEPLOYMENT_TARGET = 15.2;
				LD_RUNPATH_SEARCH_PATHS = (
					"$(inherited)",
					"@executable_path/Frameworks",
				);
				MARKETING_VERSION = 1.0;
				PRODUCT_BUNDLE_IDENTIFIER = kim.jinsol.algorithm;
				PRODUCT_NAME = algorithm;
				SDKROOT = iphoneos;
				SWIFT_EMIT_LOC_STRINGS = YES;
				SWIFT_VERSION = 5.0;
				TARGETED_DEVICE_FAMILY = "1,2";
				VALIDATE_PRODUCT = YES;
			};
			name = Release;
		};
		FFBECD1227B881A500D0E355 /* Debug */ = {
			isa = XCBuildConfiguration;
			buildSettings = {
				ASSETCATALOG_COMPILER_APPICON_NAME = AppIcon;
				ASSETCATALOG_COMPILER_GLOBAL_ACCENT_COLOR_NAME = AccentColor;
				CODE_SIGN_ENTITLEMENTS = macOS/macOS.entitlements;
				CODE_SIGN_STYLE = Automatic;
				COMBINE_HIDPI_IMAGES = YES;
				CURRENT_PROJECT_VERSION = 1;
				DEVELOPMENT_TEAM = X28K496YM8;
				ENABLE_HARDENED_RUNTIME = YES;
				ENABLE_PREVIEWS = YES;
				GENERATE_INFOPLIST_FILE = YES;
				INFOPLIST_KEY_NSHumanReadableCopyright = "";
				LD_RUNPATH_SEARCH_PATHS = (
					"$(inherited)",
					"@executable_path/../Frameworks",
				);
				MACOSX_DEPLOYMENT_TARGET = 12.1;
				MARKETING_VERSION = 1.0;
				PRODUCT_BUNDLE_IDENTIFIER = kim.jinsol.algorithm;
				PRODUCT_NAME = algorithm;
				SDKROOT = macosx;
				SWIFT_EMIT_LOC_STRINGS = YES;
				SWIFT_VERSION = 5.0;
			};
			name = Debug;
		};
		FFBECD1327B881A500D0E355 /* Release */ = {
			isa = XCBuildConfiguration;
			buildSettings = {
				ASSETCATALOG_COMPILER_APPICON_NAME = AppIcon;
				ASSETCATALOG_COMPILER_GLOBAL_ACCENT_COLOR_NAME = AccentColor;
				CODE_SIGN_ENTITLEMENTS = macOS/macOS.entitlements;
				CODE_SIGN_STYLE = Automatic;
				COMBINE_HIDPI_IMAGES = YES;
				CURRENT_PROJECT_VERSION = 1;
				DEVELOPMENT_TEAM = X28K496YM8;
				ENABLE_HARDENED_RUNTIME = YES;
				ENABLE_PREVIEWS = YES;
				GENERATE_INFOPLIST_FILE = YES;
				INFOPLIST_KEY_NSHumanReadableCopyright = "";
				LD_RUNPATH_SEARCH_PATHS = (
					"$(inherited)",
					"@executable_path/../Frameworks",
				);
				MACOSX_DEPLOYMENT_TARGET = 12.1;
				MARKETING_VERSION = 1.0;
				PRODUCT_BUNDLE_IDENTIFIER = kim.jinsol.algorithm;
				PRODUCT_NAME = algorithm;
				SDKROOT = macosx;
				SWIFT_EMIT_LOC_STRINGS = YES;
				SWIFT_VERSION = 5.0;
			};
			name = Release;
		};
		FFBECD1527B881A500D0E355 /* Debug */ = {
			isa = XCBuildConfiguration;
			buildSettings = {
				ALWAYS_EMBED_SWIFT_STANDARD_LIBRARIES = YES;
				CODE_SIGN_STYLE = Automatic;
				CURRENT_PROJECT_VERSION = 1;
				DEVELOPMENT_TEAM = X28K496YM8;
				GENERATE_INFOPLIST_FILE = YES;
				IPHONEOS_DEPLOYMENT_TARGET = 15.2;
				MARKETING_VERSION = 1.0;
				PRODUCT_BUNDLE_IDENTIFIER = "kim.jinsol.Tests-iOS";
				PRODUCT_NAME = "$(TARGET_NAME)";
				SDKROOT = iphoneos;
				SWIFT_EMIT_LOC_STRINGS = NO;
				SWIFT_VERSION = 5.0;
				TARGETED_DEVICE_FAMILY = "1,2";
				TEST_TARGET_NAME = "algorithm (iOS)";
			};
			name = Debug;
		};
		FFBECD1627B881A500D0E355 /* Release */ = {
			isa = XCBuildConfiguration;
			buildSettings = {
				ALWAYS_EMBED_SWIFT_STANDARD_LIBRARIES = YES;
				CODE_SIGN_STYLE = Automatic;
				CURRENT_PROJECT_VERSION = 1;
				DEVELOPMENT_TEAM = X28K496YM8;
				GENERATE_INFOPLIST_FILE = YES;
				IPHONEOS_DEPLOYMENT_TARGET = 15.2;
				MARKETING_VERSION = 1.0;
				PRODUCT_BUNDLE_IDENTIFIER = "kim.jinsol.Tests-iOS";
				PRODUCT_NAME = "$(TARGET_NAME)";
				SDKROOT = iphoneos;
				SWIFT_EMIT_LOC_STRINGS = NO;
				SWIFT_VERSION = 5.0;
				TARGETED_DEVICE_FAMILY = "1,2";
				TEST_TARGET_NAME = "algorithm (iOS)";
				VALIDATE_PRODUCT = YES;
			};
			name = Release;
		};
		FFBECD1827B881A500D0E355 /* Debug */ = {
			isa = XCBuildConfiguration;
			buildSettings = {
				ALWAYS_EMBED_SWIFT_STANDARD_LIBRARIES = YES;
				CODE_SIGN_STYLE = Automatic;
				CURRENT_PROJECT_VERSION = 1;
				DEVELOPMENT_TEAM = X28K496YM8;
				GENERATE_INFOPLIST_FILE = YES;
				MACOSX_DEPLOYMENT_TARGET = 12.1;
				MARKETING_VERSION = 1.0;
				PRODUCT_BUNDLE_IDENTIFIER = "kim.jinsol.Tests-macOS";
				PRODUCT_NAME = "$(TARGET_NAME)";
				SDKROOT = macosx;
				SWIFT_EMIT_LOC_STRINGS = NO;
				SWIFT_VERSION = 5.0;
				TEST_TARGET_NAME = "algorithm (macOS)";
			};
			name = Debug;
		};
		FFBECD1927B881A500D0E355 /* Release */ = {
			isa = XCBuildConfiguration;
			buildSettings = {
				ALWAYS_EMBED_SWIFT_STANDARD_LIBRARIES = YES;
				CODE_SIGN_STYLE = Automatic;
				CURRENT_PROJECT_VERSION = 1;
				DEVELOPMENT_TEAM = X28K496YM8;
				GENERATE_INFOPLIST_FILE = YES;
				MACOSX_DEPLOYMENT_TARGET = 12.1;
				MARKETING_VERSION = 1.0;
				PRODUCT_BUNDLE_IDENTIFIER = "kim.jinsol.Tests-macOS";
				PRODUCT_NAME = "$(TARGET_NAME)";
				SDKROOT = macosx;
				SWIFT_EMIT_LOC_STRINGS = NO;
				SWIFT_VERSION = 5.0;
				TEST_TARGET_NAME = "algorithm (macOS)";
			};
			name = Release;
		};
/* End XCBuildConfiguration section */

/* Begin XCConfigurationList section */
		FFBECCDC27B881A300D0E355 /* Build configuration list for PBXProject "algorithm" */ = {
			isa = XCConfigurationList;
			buildConfigurations = (
				FFBECD0C27B881A500D0E355 /* Debug */,
				FFBECD0D27B881A500D0E355 /* Release */,
			);
			defaultConfigurationIsVisible = 0;
			defaultConfigurationName = Release;
		};
		FFBECD0E27B881A500D0E355 /* Build configuration list for PBXNativeTarget "algorithm (iOS)" */ = {
			isa = XCConfigurationList;
			buildConfigurations = (
				FFBECD0F27B881A500D0E355 /* Debug */,
				FFBECD1027B881A500D0E355 /* Release */,
			);
			defaultConfigurationIsVisible = 0;
			defaultConfigurationName = Release;
		};
		FFBECD1127B881A500D0E355 /* Build configuration list for PBXNativeTarget "algorithm (macOS)" */ = {
			isa = XCConfigurationList;
			buildConfigurations = (
				FFBECD1227B881A500D0E355 /* Debug */,
				FFBECD1327B881A500D0E355 /* Release */,
			);
			defaultConfigurationIsVisible = 0;
			defaultConfigurationName = Release;
		};
		FFBECD1427B881A500D0E355 /* Build configuration list for PBXNativeTarget "Tests iOS" */ = {
			isa = XCConfigurationList;
			buildConfigurations = (
				FFBECD1527B881A500D0E355 /* Debug */,
				FFBECD1627B881A500D0E355 /* Release */,
			);
			defaultConfigurationIsVisible = 0;
			defaultConfigurationName = Release;
		};
		FFBECD1727B881A500D0E355 /* Build configuration list for PBXNativeTarget "Tests macOS" */ = {
			isa = XCConfigurationList;
			buildConfigurations = (
				FFBECD1827B881A500D0E355 /* Debug */,
				FFBECD1927B881A500D0E355 /* Release */,
			);
			defaultConfigurationIsVisible = 0;
			defaultConfigurationName = Release;
		};
/* End XCConfigurationList section */
	};
	rootObject = FFBECCD927B881A300D0E355 /* Project object */;
}
