// !$*UTF8*$!
{
	archiveVersion = 1;
	classes = {
	};
	objectVersion = 55;
	objects = {

/* Begin PBXBuildFile section */
		FFBECD0627B881A500D0E355 /* algorithmApp.swift in Sources */ = {isa = PBXBuildFile; fileRef = FFBECCDE27B881A300D0E355 /* algorithmApp.swift */; };
		FFBECD0827B881A500D0E355 /* ContentView.swift in Sources */ = {isa = PBXBuildFile; fileRef = FFBECCDF27B881A300D0E355 /* ContentView.swift */; };
		FFBECD0A27B881A500D0E355 /* Assets.xcassets in Resources */ = {isa = PBXBuildFile; fileRef = FFBECCE027B881A500D0E355 /* Assets.xcassets */; };
		FFBECD1D27B89BDF00D0E355 /* QueueStack_02.swift in Sources */ = {isa = PBXBuildFile; fileRef = FFBECD1C27B89BDF00D0E355 /* QueueStack_02.swift */; };
		FFBECD2527B89E5900D0E355 /* testAlgorithm.swift in Sources */ = {isa = PBXBuildFile; fileRef = FFBECD2427B89E5900D0E355 /* testAlgorithm.swift */; };
		FFBECD2C27B8A2AB00D0E355 /* QueueStack_03.swift in Sources */ = {isa = PBXBuildFile; fileRef = FFBECD2B27B8A2AB00D0E355 /* QueueStack_03.swift */; };
/* End PBXBuildFile section */

/* Begin PBXContainerItemProxy section */
		FFBECD2627B89E5900D0E355 /* PBXContainerItemProxy */ = {
			isa = PBXContainerItemProxy;
			containerPortal = FFBECCD927B881A300D0E355 /* Project object */;
			proxyType = 1;
			remoteGlobalIDString = FFBECCE427B881A500D0E355;
			remoteInfo = "algorithm (iOS)";
		};
/* End PBXContainerItemProxy section */

/* Begin PBXFileReference section */
		FFBECCDE27B881A300D0E355 /* algorithmApp.swift */ = {isa = PBXFileReference; lastKnownFileType = sourcecode.swift; path = algorithmApp.swift; sourceTree = "<group>"; };
		FFBECCDF27B881A300D0E355 /* ContentView.swift */ = {isa = PBXFileReference; lastKnownFileType = sourcecode.swift; path = ContentView.swift; sourceTree = "<group>"; };
		FFBECCE027B881A500D0E355 /* Assets.xcassets */ = {isa = PBXFileReference; lastKnownFileType = folder.assetcatalog; path = Assets.xcassets; sourceTree = "<group>"; };
		FFBECCE527B881A500D0E355 /* algorithm.app */ = {isa = PBXFileReference; explicitFileType = wrapper.application; includeInIndex = 0; path = algorithm.app; sourceTree = BUILT_PRODUCTS_DIR; };
		FFBECD1C27B89BDF00D0E355 /* QueueStack_02.swift */ = {isa = PBXFileReference; lastKnownFileType = sourcecode.swift; path = QueueStack_02.swift; sourceTree = "<group>"; };
		FFBECD2227B89E5900D0E355 /* algorithmTests.xctest */ = {isa = PBXFileReference; explicitFileType = wrapper.cfbundle; includeInIndex = 0; path = algorithmTests.xctest; sourceTree = BUILT_PRODUCTS_DIR; };
		FFBECD2427B89E5900D0E355 /* testAlgorithm.swift */ = {isa = PBXFileReference; lastKnownFileType = sourcecode.swift; path = testAlgorithm.swift; sourceTree = "<group>"; };
		FFBECD2B27B8A2AB00D0E355 /* QueueStack_03.swift */ = {isa = PBXFileReference; lastKnownFileType = sourcecode.swift; path = QueueStack_03.swift; sourceTree = "<group>"; };
/* End PBXFileReference section */

/* Begin PBXFrameworksBuildPhase section */
		FFBECCE227B881A500D0E355 /* Frameworks */ = {
			isa = PBXFrameworksBuildPhase;
			buildActionMask = 2147483647;
			files = (
			);
			runOnlyForDeploymentPostprocessing = 0;
		};
		FFBECD1F27B89E5900D0E355 /* Frameworks */ = {
			isa = PBXFrameworksBuildPhase;
			buildActionMask = 2147483647;
			files = (
			);
			runOnlyForDeploymentPostprocessing = 0;
		};
/* End PBXFrameworksBuildPhase section */

/* Begin PBXGroup section */
		FFBECCD827B881A300D0E355 = {
			isa = PBXGroup;
			children = (
				FFBECD1A27B89B8F00D0E355 /* Solution */,
				FFBECD2327B89E5900D0E355 /* Tests */,
				FFBECCDD27B881A300D0E355 /* Shared */,
				FFBECCE627B881A500D0E355 /* Products */,
			);
			sourceTree = "<group>";
		};
		FFBECCDD27B881A300D0E355 /* Shared */ = {
			isa = PBXGroup;
			children = (
				FFBECCDE27B881A300D0E355 /* algorithmApp.swift */,
				FFBECCDF27B881A300D0E355 /* ContentView.swift */,
				FFBECCE027B881A500D0E355 /* Assets.xcassets */,
			);
			path = Shared;
			sourceTree = "<group>";
		};
		FFBECCE627B881A500D0E355 /* Products */ = {
			isa = PBXGroup;
			children = (
				FFBECCE527B881A500D0E355 /* algorithm.app */,
				FFBECD2227B89E5900D0E355 /* algorithmTests.xctest */,
			);
			name = Products;
			sourceTree = "<group>";
		};
		FFBECD1A27B89B8F00D0E355 /* Solution */ = {
			isa = PBXGroup;
			children = (
				FFBECD1B27B89BAD00D0E355 /* Queue+Stack */,
			);
			path = Solution;
			sourceTree = "<group>";
		};
		FFBECD1B27B89BAD00D0E355 /* Queue+Stack */ = {
			isa = PBXGroup;
			children = (
				FFBECD1C27B89BDF00D0E355 /* QueueStack_02.swift */,
				FFBECD2B27B8A2AB00D0E355 /* QueueStack_03.swift */,
			);
			path = "Queue+Stack";
			sourceTree = "<group>";
		};
		FFBECD2327B89E5900D0E355 /* Tests */ = {
			isa = PBXGroup;
			children = (
				FFBECD2D27B8A33000D0E355 /* Queue+Stack */,
			);
			path = Tests;
			sourceTree = "<group>";
		};
		FFBECD2D27B8A33000D0E355 /* Queue+Stack */ = {
			isa = PBXGroup;
			children = (
				FFBECD2427B89E5900D0E355 /* testAlgorithm.swift */,
			);
			path = "Queue+Stack";
			sourceTree = "<group>";
		};
/* End PBXGroup section */

/* Begin PBXNativeTarget section */
		FFBECCE427B881A500D0E355 /* algorithm (iOS) */ = {
			isa = PBXNativeTarget;
			buildConfigurationList = FFBECD0E27B881A500D0E355 /* Build configuration list for PBXNativeTarget "algorithm (iOS)" */;
			buildPhases = (
				FFBECCE127B881A500D0E355 /* Sources */,
				FFBECCE227B881A500D0E355 /* Frameworks */,
				FFBECCE327B881A500D0E355 /* Resources */,
			);
			buildRules = (
			);
			dependencies = (
			);
			name = "algorithm (iOS)";
			productName = "algorithm (iOS)";
			productReference = FFBECCE527B881A500D0E355 /* algorithm.app */;
			productType = "com.apple.product-type.application";
		};
		FFBECD2127B89E5900D0E355 /* algorithmTests */ = {
			isa = PBXNativeTarget;
			buildConfigurationList = FFBECD2827B89E5900D0E355 /* Build configuration list for PBXNativeTarget "algorithmTests" */;
			buildPhases = (
				FFBECD1E27B89E5900D0E355 /* Sources */,
				FFBECD1F27B89E5900D0E355 /* Frameworks */,
				FFBECD2027B89E5900D0E355 /* Resources */,
			);
			buildRules = (
			);
			dependencies = (
				FFBECD2727B89E5900D0E355 /* PBXTargetDependency */,
			);
			name = algorithmTests;
			productName = algorithmTests;
			productReference = FFBECD2227B89E5900D0E355 /* algorithmTests.xctest */;
			productType = "com.apple.product-type.bundle.unit-test";
		};
/* End PBXNativeTarget section */

/* Begin PBXProject section */
		FFBECCD927B881A300D0E355 /* Project object */ = {
			isa = PBXProject;
			attributes = {
				BuildIndependentTargetsInParallel = 1;
				LastSwiftUpdateCheck = 1320;
				LastUpgradeCheck = 1320;
				TargetAttributes = {
					FFBECCE427B881A500D0E355 = {
						CreatedOnToolsVersion = 13.2.1;
					};
					FFBECD2127B89E5900D0E355 = {
						CreatedOnToolsVersion = 13.2.1;
						TestTargetID = FFBECCE427B881A500D0E355;
					};
				};
			};
			buildConfigurationList = FFBECCDC27B881A300D0E355 /* Build configuration list for PBXProject "algorithm" */;
			compatibilityVersion = "Xcode 13.0";
			developmentRegion = en;
			hasScannedForEncodings = 0;
			knownRegions = (
				en,
				Base,
			);
			mainGroup = FFBECCD827B881A300D0E355;
			productRefGroup = FFBECCE627B881A500D0E355 /* Products */;
			projectDirPath = "";
			projectRoot = "";
			targets = (
				FFBECCE427B881A500D0E355 /* algorithm (iOS) */,
				FFBECD2127B89E5900D0E355 /* algorithmTests */,
			);
		};
/* End PBXProject section */

/* Begin PBXResourcesBuildPhase section */
		FFBECCE327B881A500D0E355 /* Resources */ = {
			isa = PBXResourcesBuildPhase;
			buildActionMask = 2147483647;
			files = (
				FFBECD0A27B881A500D0E355 /* Assets.xcassets in Resources */,
			);
			runOnlyForDeploymentPostprocessing = 0;
		};
		FFBECD2027B89E5900D0E355 /* Resources */ = {
			isa = PBXResourcesBuildPhase;
			buildActionMask = 2147483647;
			files = (
			);
			runOnlyForDeploymentPostprocessing = 0;
		};
/* End PBXResourcesBuildPhase section */

/* Begin PBXSourcesBuildPhase section */
		FFBECCE127B881A500D0E355 /* Sources */ = {
			isa = PBXSourcesBuildPhase;
			buildActionMask = 2147483647;
			files = (
				FFBECD0827B881A500D0E355 /* ContentView.swift in Sources */,
				FFBECD0627B881A500D0E355 /* algorithmApp.swift in Sources */,
				FFBECD1D27B89BDF00D0E355 /* QueueStack_02.swift in Sources */,
				FFBECD2C27B8A2AB00D0E355 /* QueueStack_03.swift in Sources */,
			);
			runOnlyForDeploymentPostprocessing = 0;
		};
		FFBECD1E27B89E5900D0E355 /* Sources */ = {
			isa = PBXSourcesBuildPhase;
			buildActionMask = 2147483647;
			files = (
				FFBECD2527B89E5900D0E355 /* testAlgorithm.swift in Sources */,
			);
			runOnlyForDeploymentPostprocessing = 0;
		};
/* End PBXSourcesBuildPhase section */

/* Begin PBXTargetDependency section */
		FFBECD2727B89E5900D0E355 /* PBXTargetDependency */ = {
			isa = PBXTargetDependency;
			target = FFBECCE427B881A500D0E355 /* algorithm (iOS) */;
			targetProxy = FFBECD2627B89E5900D0E355 /* PBXContainerItemProxy */;
		};
/* End PBXTargetDependency section */

/* Begin XCBuildConfiguration section */
		FFBECD0C27B881A500D0E355 /* Debug */ = {
			isa = XCBuildConfiguration;
			buildSettings = {
				ALWAYS_SEARCH_USER_PATHS = NO;
				CLANG_ANALYZER_NONNULL = YES;
				CLANG_ANALYZER_NUMBER_OBJECT_CONVERSION = YES_AGGRESSIVE;
				CLANG_CXX_LANGUAGE_STANDARD = "gnu++17";
				CLANG_CXX_LIBRARY = "libc++";
				CLANG_ENABLE_MODULES = YES;
				CLANG_ENABLE_OBJC_ARC = YES;
				CLANG_ENABLE_OBJC_WEAK = YES;
				CLANG_WARN_BLOCK_CAPTURE_AUTORELEASING = YES;
				CLANG_WARN_BOOL_CONVERSION = YES;
				CLANG_WARN_COMMA = YES;
				CLANG_WARN_CONSTANT_CONVERSION = YES;
				CLANG_WARN_DEPRECATED_OBJC_IMPLEMENTATIONS = YES;
				CLANG_WARN_DIRECT_OBJC_ISA_USAGE = YES_ERROR;
				CLANG_WARN_DOCUMENTATION_COMMENTS = YES;
				CLANG_WARN_EMPTY_BODY = YES;
				CLANG_WARN_ENUM_CONVERSION = YES;
				CLANG_WARN_INFINITE_RECURSION = YES;
				CLANG_WARN_INT_CONVERSION = YES;
				CLANG_WARN_NON_LITERAL_NULL_CONVERSION = YES;
				CLANG_WARN_OBJC_IMPLICIT_RETAIN_SELF = YES;
				CLANG_WARN_OBJC_LITERAL_CONVERSION = YES;
				CLANG_WARN_OBJC_ROOT_CLASS = YES_ERROR;
				CLANG_WARN_QUOTED_INCLUDE_IN_FRAMEWORK_HEADER = YES;
				CLANG_WARN_RANGE_LOOP_ANALYSIS = YES;
				CLANG_WARN_STRICT_PROTOTYPES = YES;
				CLANG_WARN_SUSPICIOUS_MOVE = YES;
				CLANG_WARN_UNGUARDED_AVAILABILITY = YES_AGGRESSIVE;
				CLANG_WARN_UNREACHABLE_CODE = YES;
				CLANG_WARN__DUPLICATE_METHOD_MATCH = YES;
				COPY_PHASE_STRIP = NO;
				DEBUG_INFORMATION_FORMAT = dwarf;
				ENABLE_STRICT_OBJC_MSGSEND = YES;
				ENABLE_TESTABILITY = YES;
				GCC_C_LANGUAGE_STANDARD = gnu11;
				GCC_DYNAMIC_NO_PIC = NO;
				GCC_NO_COMMON_BLOCKS = YES;
				GCC_OPTIMIZATION_LEVEL = 0;
				GCC_PREPROCESSOR_DEFINITIONS = (
					"DEBUG=1",
					"$(inherited)",
				);
				GCC_WARN_64_TO_32_BIT_CONVERSION = YES;
				GCC_WARN_ABOUT_RETURN_TYPE = YES_ERROR;
				GCC_WARN_UNDECLARED_SELECTOR = YES;
				GCC_WARN_UNINITIALIZED_AUTOS = YES_AGGRESSIVE;
				GCC_WARN_UNUSED_FUNCTION = YES;
				GCC_WARN_UNUSED_VARIABLE = YES;
				MTL_ENABLE_DEBUG_INFO = INCLUDE_SOURCE;
				MTL_FAST_MATH = YES;
				ONLY_ACTIVE_ARCH = YES;
				SWIFT_ACTIVE_COMPILATION_CONDITIONS = DEBUG;
				SWIFT_OPTIMIZATION_LEVEL = "-Onone";
			};
			name = Debug;
		};
		FFBECD0D27B881A500D0E355 /* Release */ = {
			isa = XCBuildConfiguration;
			buildSettings = {
				ALWAYS_SEARCH_USER_PATHS = NO;
				CLANG_ANALYZER_NONNULL = YES;
				CLANG_ANALYZER_NUMBER_OBJECT_CONVERSION = YES_AGGRESSIVE;
				CLANG_CXX_LANGUAGE_STANDARD = "gnu++17";
				CLANG_CXX_LIBRARY = "libc++";
				CLANG_ENABLE_MODULES = YES;
				CLANG_ENABLE_OBJC_ARC = YES;
				CLANG_ENABLE_OBJC_WEAK = YES;
				CLANG_WARN_BLOCK_CAPTURE_AUTORELEASING = YES;
				CLANG_WARN_BOOL_CONVERSION = YES;
				CLANG_WARN_COMMA = YES;
				CLANG_WARN_CONSTANT_CONVERSION = YES;
				CLANG_WARN_DEPRECATED_OBJC_IMPLEMENTATIONS = YES;
				CLANG_WARN_DIRECT_OBJC_ISA_USAGE = YES_ERROR;
				CLANG_WARN_DOCUMENTATION_COMMENTS = YES;
				CLANG_WARN_EMPTY_BODY = YES;
				CLANG_WARN_ENUM_CONVERSION = YES;
				CLANG_WARN_INFINITE_RECURSION = YES;
				CLANG_WARN_INT_CONVERSION = YES;
				CLANG_WARN_NON_LITERAL_NULL_CONVERSION = YES;
				CLANG_WARN_OBJC_IMPLICIT_RETAIN_SELF = YES;
				CLANG_WARN_OBJC_LITERAL_CONVERSION = YES;
				CLANG_WARN_OBJC_ROOT_CLASS = YES_ERROR;
				CLANG_WARN_QUOTED_INCLUDE_IN_FRAMEWORK_HEADER = YES;
				CLANG_WARN_RANGE_LOOP_ANALYSIS = YES;
				CLANG_WARN_STRICT_PROTOTYPES = YES;
				CLANG_WARN_SUSPICIOUS_MOVE = YES;
				CLANG_WARN_UNGUARDED_AVAILABILITY = YES_AGGRESSIVE;
				CLANG_WARN_UNREACHABLE_CODE = YES;
				CLANG_WARN__DUPLICATE_METHOD_MATCH = YES;
				COPY_PHASE_STRIP = NO;
				DEBUG_INFORMATION_FORMAT = "dwarf-with-dsym";
				ENABLE_NS_ASSERTIONS = NO;
				ENABLE_STRICT_OBJC_MSGSEND = YES;
				GCC_C_LANGUAGE_STANDARD = gnu11;
				GCC_NO_COMMON_BLOCKS = YES;
				GCC_WARN_64_TO_32_BIT_CONVERSION = YES;
				GCC_WARN_ABOUT_RETURN_TYPE = YES_ERROR;
				GCC_WARN_UNDECLARED_SELECTOR = YES;
				GCC_WARN_UNINITIALIZED_AUTOS = YES_AGGRESSIVE;
				GCC_WARN_UNUSED_FUNCTION = YES;
				GCC_WARN_UNUSED_VARIABLE = YES;
				MTL_ENABLE_DEBUG_INFO = NO;
				MTL_FAST_MATH = YES;
				SWIFT_COMPILATION_MODE = wholemodule;
				SWIFT_OPTIMIZATION_LEVEL = "-O";
			};
			name = Release;
		};
		FFBECD0F27B881A500D0E355 /* Debug */ = {
			isa = XCBuildConfiguration;
			buildSettings = {
				ASSETCATALOG_COMPILER_APPICON_NAME = AppIcon;
				ASSETCATALOG_COMPILER_GLOBAL_ACCENT_COLOR_NAME = AccentColor;
				CODE_SIGN_STYLE = Automatic;
				CURRENT_PROJECT_VERSION = 1;
				DEVELOPMENT_TEAM = X28K496YM8;
				ENABLE_PREVIEWS = YES;
				GENERATE_INFOPLIST_FILE = YES;
				INFOPLIST_KEY_UIApplicationSceneManifest_Generation = YES;
				INFOPLIST_KEY_UIApplicationSupportsIndirectInputEvents = YES;
				INFOPLIST_KEY_UILaunchScreen_Generation = YES;
				INFOPLIST_KEY_UISupportedInterfaceOrientations_iPad = "UIInterfaceOrientationPortrait UIInterfaceOrientationPortraitUpsideDown UIInterfaceOrientationLandscapeLeft UIInterfaceOrientationLandscapeRight";
				INFOPLIST_KEY_UISupportedInterfaceOrientations_iPhone = "UIInterfaceOrientationPortrait UIInterfaceOrientationLandscapeLeft UIInterfaceOrientationLandscapeRight";
				IPHONEOS_DEPLOYMENT_TARGET = 15.2;
				LD_RUNPATH_SEARCH_PATHS = (
					"$(inherited)",
					"@executable_path/Frameworks",
				);
				MARKETING_VERSION = 1.0;
				PRODUCT_BUNDLE_IDENTIFIER = kim.jinsol.algorithm;
				PRODUCT_NAME = algorithm;
				SDKROOT = iphoneos;
				SWIFT_EMIT_LOC_STRINGS = YES;
				SWIFT_VERSION = 5.0;
				TARGETED_DEVICE_FAMILY = 1;
			};
			name = Debug;
		};
		FFBECD1027B881A500D0E355 /* Release */ = {
			isa = XCBuildConfiguration;
			buildSettings = {
				ASSETCATALOG_COMPILER_APPICON_NAME = AppIcon;
				ASSETCATALOG_COMPILER_GLOBAL_ACCENT_COLOR_NAME = AccentColor;
				CODE_SIGN_STYLE = Automatic;
				CURRENT_PROJECT_VERSION = 1;
				DEVELOPMENT_TEAM = X28K496YM8;
				ENABLE_PREVIEWS = YES;
				GENERATE_INFOPLIST_FILE = YES;
				INFOPLIST_KEY_UIApplicationSceneManifest_Generation = YES;
				INFOPLIST_KEY_UIApplicationSupportsIndirectInputEvents = YES;
				INFOPLIST_KEY_UILaunchScreen_Generation = YES;
				INFOPLIST_KEY_UISupportedInterfaceOrientations_iPad = "UIInterfaceOrientationPortrait UIInterfaceOrientationPortraitUpsideDown UIInterfaceOrientationLandscapeLeft UIInterfaceOrientationLandscapeRight";
				INFOPLIST_KEY_UISupportedInterfaceOrientations_iPhone = "UIInterfaceOrientationPortrait UIInterfaceOrientationLandscapeLeft UIInterfaceOrientationLandscapeRight";
				IPHONEOS_DEPLOYMENT_TARGET = 15.2;
				LD_RUNPATH_SEARCH_PATHS = (
					"$(inherited)",
					"@executable_path/Frameworks",
				);
				MARKETING_VERSION = 1.0;
				PRODUCT_BUNDLE_IDENTIFIER = kim.jinsol.algorithm;
				PRODUCT_NAME = algorithm;
				SDKROOT = iphoneos;
				SWIFT_EMIT_LOC_STRINGS = YES;
				SWIFT_VERSION = 5.0;
				TARGETED_DEVICE_FAMILY = 1;
				VALIDATE_PRODUCT = YES;
			};
			name = Release;
		};
		FFBECD2927B89E5900D0E355 /* Debug */ = {
			isa = XCBuildConfiguration;
			buildSettings = {
				BUNDLE_LOADER = "$(TEST_HOST)";
				CODE_SIGN_STYLE = Automatic;
				CURRENT_PROJECT_VERSION = 1;
				DEVELOPMENT_TEAM = X28K496YM8;
				GENERATE_INFOPLIST_FILE = YES;
				IPHONEOS_DEPLOYMENT_TARGET = 15.2;
				MARKETING_VERSION = 1.0;
				PRODUCT_BUNDLE_IDENTIFIER = kim.jinsol.algorithmTests;
				PRODUCT_NAME = "$(TARGET_NAME)";
				SDKROOT = iphoneos;
				SWIFT_EMIT_LOC_STRINGS = NO;
				SWIFT_VERSION = 5.0;
				TARGETED_DEVICE_FAMILY = "1,2";
				TEST_HOST = "$(BUILT_PRODUCTS_DIR)/algorithm.app/algorithm";
			};
			name = Debug;
		};
		FFBECD2A27B89E5900D0E355 /* Release */ = {
			isa = XCBuildConfiguration;
			buildSettings = {
				BUNDLE_LOADER = "$(TEST_HOST)";
				CODE_SIGN_STYLE = Automatic;
				CURRENT_PROJECT_VERSION = 1;
				DEVELOPMENT_TEAM = X28K496YM8;
				GENERATE_INFOPLIST_FILE = YES;
				IPHONEOS_DEPLOYMENT_TARGET = 15.2;
				MARKETING_VERSION = 1.0;
				PRODUCT_BUNDLE_IDENTIFIER = kim.jinsol.algorithmTests;
				PRODUCT_NAME = "$(TARGET_NAME)";
				SDKROOT = iphoneos;
				SWIFT_EMIT_LOC_STRINGS = NO;
				SWIFT_VERSION = 5.0;
				TARGETED_DEVICE_FAMILY = "1,2";
				TEST_HOST = "$(BUILT_PRODUCTS_DIR)/algorithm.app/algorithm";
				VALIDATE_PRODUCT = YES;
			};
			name = Release;
		};
/* End XCBuildConfiguration section */

/* Begin XCConfigurationList section */
		FFBECCDC27B881A300D0E355 /* Build configuration list for PBXProject "algorithm" */ = {
			isa = XCConfigurationList;
			buildConfigurations = (
				FFBECD0C27B881A500D0E355 /* Debug */,
				FFBECD0D27B881A500D0E355 /* Release */,
			);
			defaultConfigurationIsVisible = 0;
			defaultConfigurationName = Release;
		};
		FFBECD0E27B881A500D0E355 /* Build configuration list for PBXNativeTarget "algorithm (iOS)" */ = {
			isa = XCConfigurationList;
			buildConfigurations = (
				FFBECD0F27B881A500D0E355 /* Debug */,
				FFBECD1027B881A500D0E355 /* Release */,
			);
			defaultConfigurationIsVisible = 0;
			defaultConfigurationName = Release;
		};
		FFBECD2827B89E5900D0E355 /* Build configuration list for PBXNativeTarget "algorithmTests" */ = {
			isa = XCConfigurationList;
			buildConfigurations = (
				FFBECD2927B89E5900D0E355 /* Debug */,
				FFBECD2A27B89E5900D0E355 /* Release */,
			);
			defaultConfigurationIsVisible = 0;
			defaultConfigurationName = Release;
		};
/* End XCConfigurationList section */
	};
	rootObject = FFBECCD927B881A300D0E355 /* Project object */;
}
